version = 1
revision = 5
requires-python = ">=3.14"

[manifest]
build-constraints = [
    { name = "packaging", specifier = "==26.3" },
    { name = "pathspec", specifier = "==1.1.1" },
    { name = "pluggy", specifier = "==1.6.0" },
    { name = "tomlkit", specifier = "==0.15.1" },
    { name = "trove-classifiers", specifier = "==2026.9.21.13" },
]

[[package]]
name = "thermur"
version = "0.1.0"
source = { editable = "." }
